// !$*UTF8*$!
{
	archiveVersion = 1;
	classes = {
	};
	objectVersion = 46;
	objects = {

/* Begin PBXBuildFile section */
		F100F38F1E676C4B0086F5FB /* e8530.c in Sources */ = {isa = PBXBuildFile; fileRef = F100F38D1E676C4B0086F5FB /* e8530.c */; };
		F100F3981E67C5830086F5FB /* crc16.c in Sources */ = {isa = PBXBuildFile; fileRef = F100F3961E67C5830086F5FB /* crc16.c */; };
		F100F39B1E67DA4A0086F5FB /* docker.c in Sources */ = {isa = PBXBuildFile; fileRef = F100F3991E67DA4A0086F5FB /* docker.c */; };
		F10F099D19C651A700C8C8FD /* hexdump.c in Sources */ = {isa = PBXBuildFile; fileRef = F10F099B19C651A700C8C8FD /* hexdump.c */; };
		F11F0DE31E43CB4800B963C2 /* pcmcia.c in Sources */ = {isa = PBXBuildFile; fileRef = F11F0DE11E43CB4800B963C2 /* pcmcia.c */; };
		F123BD5D19C4FC8800EC994F /* arm.c in Sources */ = {isa = PBXBuildFile; fileRef = F123BD4719C4FC8800EC994F /* arm.c */; };
		F123BD5F19C4FC8800EC994F /* copr14.c in Sources */ = {isa = PBXBuildFile; fileRef = F123BD4A19C4FC8800EC994F /* copr14.c */; };
		F123BD6119C4FC8800EC994F /* copr15.c in Sources */ = {isa = PBXBuildFile; fileRef = F123BD4C19C4FC8800EC994F /* copr15.c */; };
		F123BD6319C4FC8800EC994F /* disasm.c in Sources */ = {isa = PBXBuildFile; fileRef = F123BD4E19C4FC8800EC994F /* disasm.c */; };
		F123BD6819C4FC8800EC994F /* mmu.c in Sources */ = {isa = PBXBuildFile; fileRef = F123BD5519C4FC8800EC994F /* mmu.c */; };
		F123BD6B19C4FC8800EC994F /* newton.c in Sources */ = {isa = PBXBuildFile; fileRef = F123BD5819C4FC8800EC994F /* newton.c */; };
		F123BD6E19C4FC8800EC994F /* opcodes.c in Sources */ = {isa = PBXBuildFile; fileRef = F123BD5B19C4FC8800EC994F /* opcodes.c */; };
		F123BD7319C508C200EC994F /* runt.c in Sources */ = {isa = PBXBuildFile; fileRef = F123BD7119C508C200EC994F /* runt.c */; };
		F136EF861E58D4880013BA91 /* Credits.rtf in Resources */ = {isa = PBXBuildFile; fileRef = F136EF851E58D4880013BA91 /* Credits.rtf */; };
		F1853F761CBD87B800CFA4F4 /* newton-buttons.png in Resources */ = {isa = PBXBuildFile; fileRef = F1853F751CBD87B800CFA4F4 /* newton-buttons.png */; };
		F19548991E47B170001772E8 /* double_cpdo.c in Sources */ = {isa = PBXBuildFile; fileRef = F19548881E47B170001772E8 /* double_cpdo.c */; };
		F195489A1E47B170001772E8 /* extended_cpdo.c in Sources */ = {isa = PBXBuildFile; fileRef = F19548891E47B170001772E8 /* extended_cpdo.c */; };
		F195489B1E47B170001772E8 /* fpa.c in Sources */ = {isa = PBXBuildFile; fileRef = F195488A1E47B170001772E8 /* fpa.c */; };
		F195489C1E47B170001772E8 /* fpa11_cpdo.c in Sources */ = {isa = PBXBuildFile; fileRef = F195488C1E47B170001772E8 /* fpa11_cpdo.c */; };
		F195489D1E47B170001772E8 /* fpa11_cpdt.c in Sources */ = {isa = PBXBuildFile; fileRef = F195488D1E47B170001772E8 /* fpa11_cpdt.c */; };
		F195489E1E47B170001772E8 /* fpa11_cprt.c in Sources */ = {isa = PBXBuildFile; fileRef = F195488E1E47B170001772E8 /* fpa11_cprt.c */; };
		F195489F1E47B170001772E8 /* fpa11.c in Sources */ = {isa = PBXBuildFile; fileRef = F195488F1E47B170001772E8 /* fpa11.c */; };
		F19548A01E47B170001772E8 /* fpopcode.c in Sources */ = {isa = PBXBuildFile; fileRef = F19548921E47B170001772E8 /* fpopcode.c */; };
		F19548A11E47B170001772E8 /* single_cpdo.c in Sources */ = {isa = PBXBuildFile; fileRef = F19548961E47B170001772E8 /* single_cpdo.c */; };
		F19548A21E47B170001772E8 /* softfloat.c in Sources */ = {isa = PBXBuildFile; fileRef = F19548971E47B170001772E8 /* softfloat.c */; };
		F19548A61E4E52C6001772E8 /* ListenerWindowController.m in Sources */ = {isa = PBXBuildFile; fileRef = F19548A41E4E52C5001772E8 /* ListenerWindowController.m */; };
		F19548A71E4E52C6001772E8 /* ListenerWindowController.xib in Resources */ = {isa = PBXBuildFile; fileRef = F19548A51E4E52C5001772E8 /* ListenerWindowController.xib */; };
		F19548AF1E4E7E59001772E8 /* EmulatorView.m in Sources */ = {isa = PBXBuildFile; fileRef = F19548AE1E4E7E59001772E8 /* EmulatorView.m */; };
		F19548B21E4E7EE9001772E8 /* TouchView.m in Sources */ = {isa = PBXBuildFile; fileRef = F19548B11E4E7EE9001772E8 /* TouchView.m */; };
		F1DB3DD919C60F8B006C7102 /* monitor.c in Sources */ = {isa = PBXBuildFile; fileRef = F1DB3DD719C60F8B006C7102 /* monitor.c */; };
		F1DB3DDC19C63121006C7102 /* linenoise.c in Sources */ = {isa = PBXBuildFile; fileRef = F1DB3DDA19C63121006C7102 /* linenoise.c */; };
		F1DD99A71CC818DA00C718CC /* memory.c in Sources */ = {isa = PBXBuildFile; fileRef = F1DD99A51CC818DA00C718CC /* memory.c */; };
		F1E09AED1B2D2AB000004CC8 /* lcd_sharp.c in Sources */ = {isa = PBXBuildFile; fileRef = F1E09AE91B2D2AB000004CC8 /* lcd_sharp.c */; };
		F1E09AEE1B2D2AB000004CC8 /* lcd_squirt.c in Sources */ = {isa = PBXBuildFile; fileRef = F1E09AEB1B2D2AB000004CC8 /* lcd_squirt.c */; };
		F1E4AF1219C1327F00D8EFB4 /* main.m in Sources */ = {isa = PBXBuildFile; fileRef = F1E4AF1119C1327F00D8EFB4 /* main.m */; };
		F1E4AF1519C1327F00D8EFB4 /* AppDelegate.m in Sources */ = {isa = PBXBuildFile; fileRef = F1E4AF1419C1327F00D8EFB4 /* AppDelegate.m */; };
		F1E4AF1719C1327F00D8EFB4 /* Images.xcassets in Resources */ = {isa = PBXBuildFile; fileRef = F1E4AF1619C1327F00D8EFB4 /* Images.xcassets */; };
		F1E4AF1A19C1327F00D8EFB4 /* MainMenu.xib in Resources */ = {isa = PBXBuildFile; fileRef = F1E4AF1819C1327F00D8EFB4 /* MainMenu.xib */; };
		F1E4AF2619C1328000D8EFB4 /* LeibnizTests.m in Sources */ = {isa = PBXBuildFile; fileRef = F1E4AF2519C1328000D8EFB4 /* LeibnizTests.m */; };
		F1F02C4E1E56672D0061B21E /* FileStream.m in Sources */ = {isa = PBXBuildFile; fileRef = F1F02C4D1E56672D0061B21E /* FileStream.m */; };
		F1F02C511E566C6D0061B21E /* LeibnizFile.m in Sources */ = {isa = PBXBuildFile; fileRef = F1F02C501E566C6D0061B21E /* LeibnizFile.m */; };
		F1F02C541E567C1C0061B21E /* NSWindow+AccessoryView.m in Sources */ = {isa = PBXBuildFile; fileRef = F1F02C531E567C1C0061B21E /* NSWindow+AccessoryView.m */; };
		F1F02C561E567E320061B21E /* button_power.png in Resources */ = {isa = PBXBuildFile; fileRef = F1F02C551E567E320061B21E /* button_power.png */; };
		F1F02C581E567EFA0061B21E /* button_power_on.png in Resources */ = {isa = PBXBuildFile; fileRef = F1F02C571E567EFA0061B21E /* button_power_on.png */; };
		F1F02C5B1E5681470061B21E /* PowerButton.m in Sources */ = {isa = PBXBuildFile; fileRef = F1F02C5A1E5681470061B21E /* PowerButton.m */; };
		F1F02C5E1E5687E00061B21E /* PowerButtonAccessoryController.m in Sources */ = {isa = PBXBuildFile; fileRef = F1F02C5D1E5687E00061B21E /* PowerButtonAccessoryController.m */; };
/* End PBXBuildFile section */

/* Begin PBXContainerItemProxy section */
		F1E4AF2019C1328000D8EFB4 /* PBXContainerItemProxy */ = {
			isa = PBXContainerItemProxy;
			containerPortal = F1E4AF0419C1327F00D8EFB4 /* Project object */;
			proxyType = 1;
			remoteGlobalIDString = F1E4AF0B19C1327F00D8EFB4;
			remoteInfo = Leibniz;
		};
/* End PBXContainerItemProxy section */

/* Begin PBXFileReference section */
		F100F38D1E676C4B0086F5FB /* e8530.c */ = {isa = PBXFileReference; fileEncoding = 4; lastKnownFileType = sourcecode.c.c; path = e8530.c; sourceTree = "<group>"; };
		F100F38E1E676C4B0086F5FB /* e8530.h */ = {isa = PBXFileReference; fileEncoding = 4; lastKnownFileType = sourcecode.c.h; path = e8530.h; sourceTree = "<group>"; };
		F100F3961E67C5830086F5FB /* crc16.c */ = {isa = PBXFileReference; fileEncoding = 4; lastKnownFileType = sourcecode.c.c; path = crc16.c; sourceTree = "<group>"; };
		F100F3971E67C5830086F5FB /* crc16.h */ = {isa = PBXFileReference; fileEncoding = 4; lastKnownFileType = sourcecode.c.h; path = crc16.h; sourceTree = "<group>"; };
		F100F3991E67DA4A0086F5FB /* docker.c */ = {isa = PBXFileReference; fileEncoding = 4; lastKnownFileType = sourcecode.c.c; path = docker.c; sourceTree = "<group>"; };
		F100F39A1E67DA4A0086F5FB /* docker.h */ = {isa = PBXFileReference; fileEncoding = 4; lastKnownFileType = sourcecode.c.h; path = docker.h; sourceTree = "<group>"; };
		F10F099B19C651A700C8C8FD /* hexdump.c */ = {isa = PBXFileReference; fileEncoding = 4; lastKnownFileType = sourcecode.c.c; path = hexdump.c; sourceTree = "<group>"; };
		F10F099C19C651A700C8C8FD /* hexdump.h */ = {isa = PBXFileReference; fileEncoding = 4; lastKnownFileType = sourcecode.c.h; path = hexdump.h; sourceTree = "<group>"; };
		F11F0DE11E43CB4800B963C2 /* pcmcia.c */ = {isa = PBXFileReference; fileEncoding = 4; lastKnownFileType = sourcecode.c.c; path = pcmcia.c; sourceTree = "<group>"; };
		F11F0DE21E43CB4800B963C2 /* pcmcia.h */ = {isa = PBXFileReference; fileEncoding = 4; lastKnownFileType = sourcecode.c.h; path = pcmcia.h; sourceTree = "<group>"; };
		F123BD4719C4FC8800EC994F /* arm.c */ = {isa = PBXFileReference; fileEncoding = 4; lastKnownFileType = sourcecode.c.c; path = arm.c; sourceTree = "<group>"; };
		F123BD4819C4FC8800EC994F /* arm.h */ = {isa = PBXFileReference; fileEncoding = 4; lastKnownFileType = sourcecode.c.h; path = arm.h; sourceTree = "<group>"; };
		F123BD4A19C4FC8800EC994F /* copr14.c */ = {isa = PBXFileReference; fileEncoding = 4; lastKnownFileType = sourcecode.c.c; path = copr14.c; sourceTree = "<group>"; };
		F123BD4C19C4FC8800EC994F /* copr15.c */ = {isa = PBXFileReference; fileEncoding = 4; lastKnownFileType = sourcecode.c.c; path = copr15.c; sourceTree = "<group>"; };
		F123BD4E19C4FC8800EC994F /* disasm.c */ = {isa = PBXFileReference; fileEncoding = 4; lastKnownFileType = sourcecode.c.c; path = disasm.c; sourceTree = "<group>"; };
		F123BD5019C4FC8800EC994F /* internal.h */ = {isa = PBXFileReference; fileEncoding = 4; lastKnownFileType = sourcecode.c.h; path = internal.h; sourceTree = "<group>"; };
		F123BD5519C4FC8800EC994F /* mmu.c */ = {isa = PBXFileReference; fileEncoding = 4; lastKnownFileType = sourcecode.c.c; path = mmu.c; sourceTree = "<group>"; };
		F123BD5819C4FC8800EC994F /* newton.c */ = {isa = PBXFileReference; fileEncoding = 4; lastKnownFileType = sourcecode.c.c; path = newton.c; sourceTree = "<group>"; };
		F123BD5B19C4FC8800EC994F /* opcodes.c */ = {isa = PBXFileReference; fileEncoding = 4; lastKnownFileType = sourcecode.c.c; path = opcodes.c; sourceTree = "<group>"; };
		F123BD7019C4FCF500EC994F /* newton.h */ = {isa = PBXFileReference; lastKnownFileType = sourcecode.c.h; path = newton.h; sourceTree = "<group>"; };
		F123BD7119C508C200EC994F /* runt.c */ = {isa = PBXFileReference; fileEncoding = 4; lastKnownFileType = sourcecode.c.c; path = runt.c; sourceTree = "<group>"; };
		F123BD7219C508C200EC994F /* runt.h */ = {isa = PBXFileReference; fileEncoding = 4; lastKnownFileType = sourcecode.c.h; path = runt.h; sourceTree = "<group>"; };
		F136EF851E58D4880013BA91 /* Credits.rtf */ = {isa = PBXFileReference; fileEncoding = 4; lastKnownFileType = text.rtf; path = Credits.rtf; sourceTree = "<group>"; };
		F1853F751CBD87B800CFA4F4 /* newton-buttons.png */ = {isa = PBXFileReference; lastKnownFileType = image.png; path = "newton-buttons.png"; sourceTree = "<group>"; };
		F187B3091B24C4C6002F62E7 /* HammerConfigBits.h */ = {isa = PBXFileReference; fileEncoding = 4; lastKnownFileType = sourcecode.c.h; path = HammerConfigBits.h; sourceTree = "<group>"; };
		F19548881E47B170001772E8 /* double_cpdo.c */ = {isa = PBXFileReference; fileEncoding = 4; lastKnownFileType = sourcecode.c.c; path = double_cpdo.c; sourceTree = "<group>"; };
		F19548891E47B170001772E8 /* extended_cpdo.c */ = {isa = PBXFileReference; fileEncoding = 4; lastKnownFileType = sourcecode.c.c; path = extended_cpdo.c; sourceTree = "<group>"; };
		F195488A1E47B170001772E8 /* fpa.c */ = {isa = PBXFileReference; fileEncoding = 4; lastKnownFileType = sourcecode.c.c; path = fpa.c; sourceTree = "<group>"; };
		F195488B1E47B170001772E8 /* fpa.h */ = {isa = PBXFileReference; fileEncoding = 4; lastKnownFileType = sourcecode.c.h; path = fpa.h; sourceTree = "<group>"; };
		F195488C1E47B170001772E8 /* fpa11_cpdo.c */ = {isa = PBXFileReference; fileEncoding = 4; lastKnownFileType = sourcecode.c.c; path = fpa11_cpdo.c; sourceTree = "<group>"; };
		F195488D1E47B170001772E8 /* fpa11_cpdt.c */ = {isa = PBXFileReference; fileEncoding = 4; lastKnownFileType = sourcecode.c.c; path = fpa11_cpdt.c; sourceTree = "<group>"; };
		F195488E1E47B170001772E8 /* fpa11_cprt.c */ = {isa = PBXFileReference; fileEncoding = 4; lastKnownFileType = sourcecode.c.c; path = fpa11_cprt.c; sourceTree = "<group>"; };
		F195488F1E47B170001772E8 /* fpa11.c */ = {isa = PBXFileReference; fileEncoding = 4; lastKnownFileType = sourcecode.c.c; path = fpa11.c; sourceTree = "<group>"; };
		F19548901E47B170001772E8 /* fpa11.h */ = {isa = PBXFileReference; fileEncoding = 4; lastKnownFileType = sourcecode.c.h; path = fpa11.h; sourceTree = "<group>"; };
		F19548921E47B170001772E8 /* fpopcode.c */ = {isa = PBXFileReference; fileEncoding = 4; lastKnownFileType = sourcecode.c.c; path = fpopcode.c; sourceTree = "<group>"; };
		F19548931E47B170001772E8 /* fpopcode.h */ = {isa = PBXFileReference; fileEncoding = 4; lastKnownFileType = sourcecode.c.h; path = fpopcode.h; sourceTree = "<group>"; };
		F19548941E47B170001772E8 /* fpsr.h */ = {isa = PBXFileReference; fileEncoding = 4; lastKnownFileType = sourcecode.c.h; path = fpsr.h; sourceTree = "<group>"; };
		F19548961E47B170001772E8 /* single_cpdo.c */ = {isa = PBXFileReference; fileEncoding = 4; lastKnownFileType = sourcecode.c.c; path = single_cpdo.c; sourceTree = "<group>"; };
		F19548971E47B170001772E8 /* softfloat.c */ = {isa = PBXFileReference; fileEncoding = 4; lastKnownFileType = sourcecode.c.c; path = softfloat.c; sourceTree = "<group>"; };
		F19548981E47B170001772E8 /* softfloat.h */ = {isa = PBXFileReference; fileEncoding = 4; lastKnownFileType = sourcecode.c.h; path = softfloat.h; sourceTree = "<group>"; };
		F19548A31E4E52C5001772E8 /* ListenerWindowController.h */ = {isa = PBXFileReference; fileEncoding = 4; lastKnownFileType = sourcecode.c.h; path = ListenerWindowController.h; sourceTree = "<group>"; };
		F19548A41E4E52C5001772E8 /* ListenerWindowController.m */ = {isa = PBXFileReference; fileEncoding = 4; lastKnownFileType = sourcecode.c.objc; path = ListenerWindowController.m; sourceTree = "<group>"; };
		F19548A51E4E52C5001772E8 /* ListenerWindowController.xib */ = {isa = PBXFileReference; fileEncoding = 4; lastKnownFileType = file.xib; path = ListenerWindowController.xib; sourceTree = "<group>"; };
		F19548AC1E4E7D1C001772E8 /* lcd.h */ = {isa = PBXFileReference; fileEncoding = 4; lastKnownFileType = sourcecode.c.h; path = lcd.h; sourceTree = "<group>"; };
		F19548AD1E4E7E59001772E8 /* EmulatorView.h */ = {isa = PBXFileReference; fileEncoding = 4; lastKnownFileType = sourcecode.c.h; path = EmulatorView.h; sourceTree = "<group>"; };
		F19548AE1E4E7E59001772E8 /* EmulatorView.m */ = {isa = PBXFileReference; fileEncoding = 4; lastKnownFileType = sourcecode.c.objc; path = EmulatorView.m; sourceTree = "<group>"; };
		F19548B01E4E7EE9001772E8 /* TouchView.h */ = {isa = PBXFileReference; fileEncoding = 4; lastKnownFileType = sourcecode.c.h; path = TouchView.h; sourceTree = "<group>"; };
		F19548B11E4E7EE9001772E8 /* TouchView.m */ = {isa = PBXFileReference; fileEncoding = 4; lastKnownFileType = sourcecode.c.objc; path = TouchView.m; sourceTree = "<group>"; };
		F1DB3DD719C60F8B006C7102 /* monitor.c */ = {isa = PBXFileReference; fileEncoding = 4; lastKnownFileType = sourcecode.c.c; path = monitor.c; sourceTree = "<group>"; };
		F1DB3DD819C60F8B006C7102 /* monitor.h */ = {isa = PBXFileReference; fileEncoding = 4; lastKnownFileType = sourcecode.c.h; path = monitor.h; sourceTree = "<group>"; };
		F1DB3DDA19C63121006C7102 /* linenoise.c */ = {isa = PBXFileReference; fileEncoding = 4; lastKnownFileType = sourcecode.c.c; path = linenoise.c; sourceTree = "<group>"; };
		F1DB3DDB19C63121006C7102 /* linenoise.h */ = {isa = PBXFileReference; fileEncoding = 4; lastKnownFileType = sourcecode.c.h; path = linenoise.h; sourceTree = "<group>"; };
		F1DD99A51CC818DA00C718CC /* memory.c */ = {isa = PBXFileReference; fileEncoding = 4; lastKnownFileType = sourcecode.c.c; path = memory.c; sourceTree = "<group>"; };
		F1DD99A61CC818DA00C718CC /* memory.h */ = {isa = PBXFileReference; fileEncoding = 4; lastKnownFileType = sourcecode.c.h; path = memory.h; sourceTree = "<group>"; };
		F1E09AE91B2D2AB000004CC8 /* lcd_sharp.c */ = {isa = PBXFileReference; fileEncoding = 4; lastKnownFileType = sourcecode.c.c; path = lcd_sharp.c; sourceTree = "<group>"; };
		F1E09AEA1B2D2AB000004CC8 /* lcd_sharp.h */ = {isa = PBXFileReference; fileEncoding = 4; lastKnownFileType = sourcecode.c.h; path = lcd_sharp.h; sourceTree = "<group>"; };
		F1E09AEB1B2D2AB000004CC8 /* lcd_squirt.c */ = {isa = PBXFileReference; fileEncoding = 4; lastKnownFileType = sourcecode.c.c; path = lcd_squirt.c; sourceTree = "<group>"; };
		F1E09AEC1B2D2AB000004CC8 /* lcd_squirt.h */ = {isa = PBXFileReference; fileEncoding = 4; lastKnownFileType = sourcecode.c.h; path = lcd_squirt.h; sourceTree = "<group>"; };
		F1E4AF0C19C1327F00D8EFB4 /* Leibniz.app */ = {isa = PBXFileReference; explicitFileType = wrapper.application; includeInIndex = 0; path = Leibniz.app; sourceTree = BUILT_PRODUCTS_DIR; };
		F1E4AF1019C1327F00D8EFB4 /* Info.plist */ = {isa = PBXFileReference; lastKnownFileType = text.plist.xml; path = Info.plist; sourceTree = "<group>"; };
		F1E4AF1119C1327F00D8EFB4 /* main.m */ = {isa = PBXFileReference; lastKnownFileType = sourcecode.c.objc; path = main.m; sourceTree = "<group>"; };
		F1E4AF1319C1327F00D8EFB4 /* AppDelegate.h */ = {isa = PBXFileReference; lastKnownFileType = sourcecode.c.h; path = AppDelegate.h; sourceTree = "<group>"; };
		F1E4AF1419C1327F00D8EFB4 /* AppDelegate.m */ = {isa = PBXFileReference; lastKnownFileType = sourcecode.c.objc; path = AppDelegate.m; sourceTree = "<group>"; };
		F1E4AF1619C1327F00D8EFB4 /* Images.xcassets */ = {isa = PBXFileReference; lastKnownFileType = folder.assetcatalog; path = Images.xcassets; sourceTree = "<group>"; };
		F1E4AF1919C1327F00D8EFB4 /* Base */ = {isa = PBXFileReference; lastKnownFileType = file.xib; name = Base; path = Base.lproj/MainMenu.xib; sourceTree = "<group>"; };
		F1E4AF1F19C1327F00D8EFB4 /* LeibnizTests.xctest */ = {isa = PBXFileReference; explicitFileType = wrapper.cfbundle; includeInIndex = 0; path = LeibnizTests.xctest; sourceTree = BUILT_PRODUCTS_DIR; };
		F1E4AF2419C1328000D8EFB4 /* Info.plist */ = {isa = PBXFileReference; lastKnownFileType = text.plist.xml; path = Info.plist; sourceTree = "<group>"; };
		F1E4AF2519C1328000D8EFB4 /* LeibnizTests.m */ = {isa = PBXFileReference; lastKnownFileType = sourcecode.c.objc; path = LeibnizTests.m; sourceTree = "<group>"; };
		F1F02C4C1E56672D0061B21E /* FileStream.h */ = {isa = PBXFileReference; fileEncoding = 4; lastKnownFileType = sourcecode.c.h; path = FileStream.h; sourceTree = "<group>"; };
		F1F02C4D1E56672D0061B21E /* FileStream.m */ = {isa = PBXFileReference; fileEncoding = 4; lastKnownFileType = sourcecode.c.objc; path = FileStream.m; sourceTree = "<group>"; };
		F1F02C4F1E566C6D0061B21E /* LeibnizFile.h */ = {isa = PBXFileReference; fileEncoding = 4; lastKnownFileType = sourcecode.c.h; path = LeibnizFile.h; sourceTree = "<group>"; };
		F1F02C501E566C6D0061B21E /* LeibnizFile.m */ = {isa = PBXFileReference; fileEncoding = 4; lastKnownFileType = sourcecode.c.objc; path = LeibnizFile.m; sourceTree = "<group>"; };
		F1F02C521E567C1C0061B21E /* NSWindow+AccessoryView.h */ = {isa = PBXFileReference; fileEncoding = 4; lastKnownFileType = sourcecode.c.h; path = "NSWindow+AccessoryView.h"; sourceTree = "<group>"; };
		F1F02C531E567C1C0061B21E /* NSWindow+AccessoryView.m */ = {isa = PBXFileReference; fileEncoding = 4; lastKnownFileType = sourcecode.c.objc; path = "NSWindow+AccessoryView.m"; sourceTree = "<group>"; };
		F1F02C551E567E320061B21E /* button_power.png */ = {isa = PBXFileReference; lastKnownFileType = image.png; path = button_power.png; sourceTree = "<group>"; };
		F1F02C571E567EFA0061B21E /* button_power_on.png */ = {isa = PBXFileReference; lastKnownFileType = image.png; path = button_power_on.png; sourceTree = "<group>"; };
		F1F02C591E5681470061B21E /* PowerButton.h */ = {isa = PBXFileReference; fileEncoding = 4; lastKnownFileType = sourcecode.c.h; path = PowerButton.h; sourceTree = "<group>"; };
		F1F02C5A1E5681470061B21E /* PowerButton.m */ = {isa = PBXFileReference; fileEncoding = 4; lastKnownFileType = sourcecode.c.objc; path = PowerButton.m; sourceTree = "<group>"; };
		F1F02C5C1E5687E00061B21E /* PowerButtonAccessoryController.h */ = {isa = PBXFileReference; fileEncoding = 4; lastKnownFileType = sourcecode.c.h; path = PowerButtonAccessoryController.h; sourceTree = "<group>"; };
		F1F02C5D1E5687E00061B21E /* PowerButtonAccessoryController.m */ = {isa = PBXFileReference; fileEncoding = 4; lastKnownFileType = sourcecode.c.objc; path = PowerButtonAccessoryController.m; sourceTree = "<group>"; };
/* End PBXFileReference section */

/* Begin PBXFrameworksBuildPhase section */
		F1E4AF0919C1327F00D8EFB4 /* Frameworks */ = {
			isa = PBXFrameworksBuildPhase;
			buildActionMask = 2147483647;
			files = (
			);
			runOnlyForDeploymentPostprocessing = 0;
		};
		F1E4AF1C19C1327F00D8EFB4 /* Frameworks */ = {
			isa = PBXFrameworksBuildPhase;
			buildActionMask = 2147483647;
			files = (
			);
			runOnlyForDeploymentPostprocessing = 0;
		};
/* End PBXFrameworksBuildPhase section */

/* Begin PBXGroup section */
		F123BD4619C4FC8800EC994F /* alt-emu */ = {
			isa = PBXGroup;
			children = (
				F123BD4719C4FC8800EC994F /* arm.c */,
				F123BD4819C4FC8800EC994F /* arm.h */,
				F123BD4A19C4FC8800EC994F /* copr14.c */,
				F123BD4C19C4FC8800EC994F /* copr15.c */,
				F100F3961E67C5830086F5FB /* crc16.c */,
				F100F3971E67C5830086F5FB /* crc16.h */,
				F123BD4E19C4FC8800EC994F /* disasm.c */,
				F100F3991E67DA4A0086F5FB /* docker.c */,
				F100F39A1E67DA4A0086F5FB /* docker.h */,
				F19548881E47B170001772E8 /* double_cpdo.c */,
				F100F38D1E676C4B0086F5FB /* e8530.c */,
				F100F38E1E676C4B0086F5FB /* e8530.h */,
				F19548891E47B170001772E8 /* extended_cpdo.c */,
				F195488A1E47B170001772E8 /* fpa.c */,
				F195488B1E47B170001772E8 /* fpa.h */,
				F195488C1E47B170001772E8 /* fpa11_cpdo.c */,
				F195488D1E47B170001772E8 /* fpa11_cpdt.c */,
				F195488E1E47B170001772E8 /* fpa11_cprt.c */,
				F195488F1E47B170001772E8 /* fpa11.c */,
				F19548901E47B170001772E8 /* fpa11.h */,
				F19548921E47B170001772E8 /* fpopcode.c */,
				F19548931E47B170001772E8 /* fpopcode.h */,
				F19548941E47B170001772E8 /* fpsr.h */,
				F187B3091B24C4C6002F62E7 /* HammerConfigBits.h */,
				F10F099B19C651A700C8C8FD /* hexdump.c */,
				F10F099C19C651A700C8C8FD /* hexdump.h */,
				F123BD5019C4FC8800EC994F /* internal.h */,
				F1E09AE91B2D2AB000004CC8 /* lcd_sharp.c */,
				F1E09AEA1B2D2AB000004CC8 /* lcd_sharp.h */,
				F1E09AEB1B2D2AB000004CC8 /* lcd_squirt.c */,
				F1E09AEC1B2D2AB000004CC8 /* lcd_squirt.h */,
				F19548AC1E4E7D1C001772E8 /* lcd.h */,
				F1DB3DDA19C63121006C7102 /* linenoise.c */,
				F1DB3DDB19C63121006C7102 /* linenoise.h */,
				F1DD99A51CC818DA00C718CC /* memory.c */,
				F1DD99A61CC818DA00C718CC /* memory.h */,
				F123BD5519C4FC8800EC994F /* mmu.c */,
				F1DB3DD719C60F8B006C7102 /* monitor.c */,
				F1DB3DD819C60F8B006C7102 /* monitor.h */,
				F123BD5819C4FC8800EC994F /* newton.c */,
				F123BD7019C4FCF500EC994F /* newton.h */,
				F123BD5B19C4FC8800EC994F /* opcodes.c */,
				F11F0DE11E43CB4800B963C2 /* pcmcia.c */,
				F11F0DE21E43CB4800B963C2 /* pcmcia.h */,
				F123BD7119C508C200EC994F /* runt.c */,
				F123BD7219C508C200EC994F /* runt.h */,
				F19548961E47B170001772E8 /* single_cpdo.c */,
				F19548971E47B170001772E8 /* softfloat.c */,
				F19548981E47B170001772E8 /* softfloat.h */,
			);
			name = "alt-emu";
			path = "emu-core";
			sourceTree = "<group>";
		};
		F1E4AF0319C1327F00D8EFB4 = {
			isa = PBXGroup;
			children = (
				F123BD4619C4FC8800EC994F /* alt-emu */,
				F1E4AF0E19C1327F00D8EFB4 /* Leibniz */,
				F1E4AF2219C1328000D8EFB4 /* LeibnizTests */,
				F1E4AF0D19C1327F00D8EFB4 /* Products */,
			);
			sourceTree = "<group>";
		};
		F1E4AF0D19C1327F00D8EFB4 /* Products */ = {
			isa = PBXGroup;
			children = (
				F1E4AF0C19C1327F00D8EFB4 /* Leibniz.app */,
				F1E4AF1F19C1327F00D8EFB4 /* LeibnizTests.xctest */,
			);
			name = Products;
			sourceTree = "<group>";
		};
		F1E4AF0E19C1327F00D8EFB4 /* Leibniz */ = {
			isa = PBXGroup;
			children = (
				F1E4AF1319C1327F00D8EFB4 /* AppDelegate.h */,
				F1E4AF1419C1327F00D8EFB4 /* AppDelegate.m */,
				F19548AD1E4E7E59001772E8 /* EmulatorView.h */,
				F19548AE1E4E7E59001772E8 /* EmulatorView.m */,
				F19548B01E4E7EE9001772E8 /* TouchView.h */,
				F19548B11E4E7EE9001772E8 /* TouchView.m */,
				F1F02C4F1E566C6D0061B21E /* LeibnizFile.h */,
				F1F02C501E566C6D0061B21E /* LeibnizFile.m */,
				F1F02C4C1E56672D0061B21E /* FileStream.h */,
				F1F02C4D1E56672D0061B21E /* FileStream.m */,
				F1F02C591E5681470061B21E /* PowerButton.h */,
				F1F02C5A1E5681470061B21E /* PowerButton.m */,
				F1F02C5C1E5687E00061B21E /* PowerButtonAccessoryController.h */,
				F1F02C5D1E5687E00061B21E /* PowerButtonAccessoryController.m */,
				F1F02C521E567C1C0061B21E /* NSWindow+AccessoryView.h */,
				F1F02C531E567C1C0061B21E /* NSWindow+AccessoryView.m */,
				F19548A31E4E52C5001772E8 /* ListenerWindowController.h */,
				F19548A41E4E52C5001772E8 /* ListenerWindowController.m */,
				F19548A51E4E52C5001772E8 /* ListenerWindowController.xib */,
				F1E4AF1619C1327F00D8EFB4 /* Images.xcassets */,
				F1E4AF1819C1327F00D8EFB4 /* MainMenu.xib */,
				F1F02C551E567E320061B21E /* button_power.png */,
				F1F02C571E567EFA0061B21E /* button_power_on.png */,
				F1853F751CBD87B800CFA4F4 /* newton-buttons.png */,
				F1E4AF0F19C1327F00D8EFB4 /* Supporting Files */,
			);
			path = Leibniz;
			sourceTree = "<group>";
		};
		F1E4AF0F19C1327F00D8EFB4 /* Supporting Files */ = {
			isa = PBXGroup;
			children = (
				F136EF851E58D4880013BA91 /* Credits.rtf */,
				F1E4AF1019C1327F00D8EFB4 /* Info.plist */,
				F1E4AF1119C1327F00D8EFB4 /* main.m */,
			);
			name = "Supporting Files";
			sourceTree = "<group>";
		};
		F1E4AF2219C1328000D8EFB4 /* LeibnizTests */ = {
			isa = PBXGroup;
			children = (
				F1E4AF2519C1328000D8EFB4 /* LeibnizTests.m */,
				F1E4AF2319C1328000D8EFB4 /* Supporting Files */,
			);
			path = LeibnizTests;
			sourceTree = "<group>";
		};
		F1E4AF2319C1328000D8EFB4 /* Supporting Files */ = {
			isa = PBXGroup;
			children = (
				F1E4AF2419C1328000D8EFB4 /* Info.plist */,
			);
			name = "Supporting Files";
			sourceTree = "<group>";
		};
/* End PBXGroup section */

/* Begin PBXNativeTarget section */
		F1E4AF0B19C1327F00D8EFB4 /* Leibniz */ = {
			isa = PBXNativeTarget;
			buildConfigurationList = F1E4AF2919C1328000D8EFB4 /* Build configuration list for PBXNativeTarget "Leibniz" */;
			buildPhases = (
				F1E4AF0819C1327F00D8EFB4 /* Sources */,
				F1E4AF0919C1327F00D8EFB4 /* Frameworks */,
				F1E4AF0A19C1327F00D8EFB4 /* Resources */,
			);
			buildRules = (
			);
			dependencies = (
			);
			name = Leibniz;
			productName = Leibniz;
			productReference = F1E4AF0C19C1327F00D8EFB4 /* Leibniz.app */;
			productType = "com.apple.product-type.application";
		};
		F1E4AF1E19C1327F00D8EFB4 /* LeibnizTests */ = {
			isa = PBXNativeTarget;
			buildConfigurationList = F1E4AF2C19C1328000D8EFB4 /* Build configuration list for PBXNativeTarget "LeibnizTests" */;
			buildPhases = (
				F1E4AF1B19C1327F00D8EFB4 /* Sources */,
				F1E4AF1C19C1327F00D8EFB4 /* Frameworks */,
				F1E4AF1D19C1327F00D8EFB4 /* Resources */,
			);
			buildRules = (
			);
			dependencies = (
				F1E4AF2119C1328000D8EFB4 /* PBXTargetDependency */,
			);
			name = LeibnizTests;
			productName = LeibnizTests;
			productReference = F1E4AF1F19C1327F00D8EFB4 /* LeibnizTests.xctest */;
			productType = "com.apple.product-type.bundle.unit-test";
		};
/* End PBXNativeTarget section */

/* Begin PBXProject section */
		F1E4AF0419C1327F00D8EFB4 /* Project object */ = {
			isa = PBXProject;
			attributes = {
				LastUpgradeCheck = 0820;
				ORGANIZATIONNAME = "Steve White";
				TargetAttributes = {
					F1E4AF0B19C1327F00D8EFB4 = {
						CreatedOnToolsVersion = 6.0;
					};
					F1E4AF1E19C1327F00D8EFB4 = {
						CreatedOnToolsVersion = 6.0;
						TestTargetID = F1E4AF0B19C1327F00D8EFB4;
					};
				};
			};
			buildConfigurationList = F1E4AF0719C1327F00D8EFB4 /* Build configuration list for PBXProject "Leibniz" */;
			compatibilityVersion = "Xcode 3.2";
			developmentRegion = English;
			hasScannedForEncodings = 0;
			knownRegions = (
				en,
				Base,
			);
			mainGroup = F1E4AF0319C1327F00D8EFB4;
			productRefGroup = F1E4AF0D19C1327F00D8EFB4 /* Products */;
			projectDirPath = "";
			projectRoot = "";
			targets = (
				F1E4AF0B19C1327F00D8EFB4 /* Leibniz */,
				F1E4AF1E19C1327F00D8EFB4 /* LeibnizTests */,
			);
		};
/* End PBXProject section */

/* Begin PBXResourcesBuildPhase section */
		F1E4AF0A19C1327F00D8EFB4 /* Resources */ = {
			isa = PBXResourcesBuildPhase;
			buildActionMask = 2147483647;
			files = (
				F1F02C581E567EFA0061B21E /* button_power_on.png in Resources */,
				F1853F761CBD87B800CFA4F4 /* newton-buttons.png in Resources */,
				F1E4AF1719C1327F00D8EFB4 /* Images.xcassets in Resources */,
				F1E4AF1A19C1327F00D8EFB4 /* MainMenu.xib in Resources */,
				F1F02C561E567E320061B21E /* button_power.png in Resources */,
				F136EF861E58D4880013BA91 /* Credits.rtf in Resources */,
				F19548A71E4E52C6001772E8 /* ListenerWindowController.xib in Resources */,
			);
			runOnlyForDeploymentPostprocessing = 0;
		};
		F1E4AF1D19C1327F00D8EFB4 /* Resources */ = {
			isa = PBXResourcesBuildPhase;
			buildActionMask = 2147483647;
			files = (
			);
			runOnlyForDeploymentPostprocessing = 0;
		};
/* End PBXResourcesBuildPhase section */

/* Begin PBXSourcesBuildPhase section */
		F1E4AF0819C1327F00D8EFB4 /* Sources */ = {
			isa = PBXSourcesBuildPhase;
			buildActionMask = 2147483647;
			files = (
				F11F0DE31E43CB4800B963C2 /* pcmcia.c in Sources */,
				F1F02C5B1E5681470061B21E /* PowerButton.m in Sources */,
				F195489B1E47B170001772E8 /* fpa.c in Sources */,
				F123BD7319C508C200EC994F /* runt.c in Sources */,
				F19548A61E4E52C6001772E8 /* ListenerWindowController.m in Sources */,
				F123BD5D19C4FC8800EC994F /* arm.c in Sources */,
				F195489D1E47B170001772E8 /* fpa11_cpdt.c in Sources */,
				F100F3981E67C5830086F5FB /* crc16.c in Sources */,
				F1DD99A71CC818DA00C718CC /* memory.c in Sources */,
				F1E09AED1B2D2AB000004CC8 /* lcd_sharp.c in Sources */,
				F1E4AF1519C1327F00D8EFB4 /* AppDelegate.m in Sources */,
				F19548991E47B170001772E8 /* double_cpdo.c in Sources */,
				F19548A21E47B170001772E8 /* softfloat.c in Sources */,
				F1F02C5E1E5687E00061B21E /* PowerButtonAccessoryController.m in Sources */,
				F19548B21E4E7EE9001772E8 /* TouchView.m in Sources */,
				F195489F1E47B170001772E8 /* fpa11.c in Sources */,
				F1E09AEE1B2D2AB000004CC8 /* lcd_squirt.c in Sources */,
				F1F02C511E566C6D0061B21E /* LeibnizFile.m in Sources */,
				F19548A11E47B170001772E8 /* single_cpdo.c in Sources */,
				F123BD6319C4FC8800EC994F /* disasm.c in Sources */,
				F10F099D19C651A700C8C8FD /* hexdump.c in Sources */,
				F195489C1E47B170001772E8 /* fpa11_cpdo.c in Sources */,
				F100F38F1E676C4B0086F5FB /* e8530.c in Sources */,
				F19548AF1E4E7E59001772E8 /* EmulatorView.m in Sources */,
				F1F02C4E1E56672D0061B21E /* FileStream.m in Sources */,
				F100F39B1E67DA4A0086F5FB /* docker.c in Sources */,
				F123BD6819C4FC8800EC994F /* mmu.c in Sources */,
				F123BD5F19C4FC8800EC994F /* copr14.c in Sources */,
				F195489A1E47B170001772E8 /* extended_cpdo.c in Sources */,
				F1DB3DD919C60F8B006C7102 /* monitor.c in Sources */,
				F123BD6119C4FC8800EC994F /* copr15.c in Sources */,
				F123BD6B19C4FC8800EC994F /* newton.c in Sources */,
				F123BD6E19C4FC8800EC994F /* opcodes.c in Sources */,
				F1F02C541E567C1C0061B21E /* NSWindow+AccessoryView.m in Sources */,
				F195489E1E47B170001772E8 /* fpa11_cprt.c in Sources */,
				F19548A01E47B170001772E8 /* fpopcode.c in Sources */,
				F1E4AF1219C1327F00D8EFB4 /* main.m in Sources */,
				F1DB3DDC19C63121006C7102 /* linenoise.c in Sources */,
			);
			runOnlyForDeploymentPostprocessing = 0;
		};
		F1E4AF1B19C1327F00D8EFB4 /* Sources */ = {
			isa = PBXSourcesBuildPhase;
			buildActionMask = 2147483647;
			files = (
				F1E4AF2619C1328000D8EFB4 /* LeibnizTests.m in Sources */,
			);
			runOnlyForDeploymentPostprocessing = 0;
		};
/* End PBXSourcesBuildPhase section */

/* Begin PBXTargetDependency section */
		F1E4AF2119C1328000D8EFB4 /* PBXTargetDependency */ = {
			isa = PBXTargetDependency;
			target = F1E4AF0B19C1327F00D8EFB4 /* Leibniz */;
			targetProxy = F1E4AF2019C1328000D8EFB4 /* PBXContainerItemProxy */;
		};
/* End PBXTargetDependency section */

/* Begin PBXVariantGroup section */
		F1E4AF1819C1327F00D8EFB4 /* MainMenu.xib */ = {
			isa = PBXVariantGroup;
			children = (
				F1E4AF1919C1327F00D8EFB4 /* Base */,
			);
			name = MainMenu.xib;
			sourceTree = "<group>";
		};
/* End PBXVariantGroup section */

/* Begin XCBuildConfiguration section */
		F1E4AF2719C1328000D8EFB4 /* Debug */ = {
			isa = XCBuildConfiguration;
			buildSettings = {
				ALWAYS_SEARCH_USER_PATHS = NO;
				ARCHS = "$(ARCHS_STANDARD_32_64_BIT)";
				CLANG_CXX_LANGUAGE_STANDARD = "gnu++0x";
				CLANG_CXX_LIBRARY = "libc++";
				CLANG_ENABLE_MODULES = YES;
				CLANG_ENABLE_OBJC_ARC = NO;
				CLANG_WARN_BOOL_CONVERSION = YES;
				CLANG_WARN_CONSTANT_CONVERSION = YES;
				CLANG_WARN_DIRECT_OBJC_ISA_USAGE = YES_ERROR;
				CLANG_WARN_EMPTY_BODY = YES;
				CLANG_WARN_ENUM_CONVERSION = YES;
				CLANG_WARN_INFINITE_RECURSION = YES;
				CLANG_WARN_INT_CONVERSION = YES;
				CLANG_WARN_OBJC_ROOT_CLASS = YES_ERROR;
				CLANG_WARN_SUSPICIOUS_MOVE = YES;
				CLANG_WARN_UNREACHABLE_CODE = YES;
				CLANG_WARN__DUPLICATE_METHOD_MATCH = YES;
				CODE_SIGN_IDENTITY = "-";
				COPY_PHASE_STRIP = NO;
				ENABLE_STRICT_OBJC_MSGSEND = YES;
				ENABLE_TESTABILITY = YES;
				GCC_C_LANGUAGE_STANDARD = gnu99;
				GCC_DYNAMIC_NO_PIC = NO;
				GCC_NO_COMMON_BLOCKS = YES;
				GCC_OPTIMIZATION_LEVEL = 0;
				GCC_PREPROCESSOR_DEFINITIONS = (
					"DEBUG=1",
					"$(inherited)",
				);
				GCC_SYMBOLS_PRIVATE_EXTERN = NO;
				GCC_WARN_64_TO_32_BIT_CONVERSION = YES;
				GCC_WARN_ABOUT_RETURN_TYPE = YES_ERROR;
				GCC_WARN_UNDECLARED_SELECTOR = YES;
				GCC_WARN_UNINITIALIZED_AUTOS = YES_AGGRESSIVE;
				GCC_WARN_UNUSED_FUNCTION = YES;
				GCC_WARN_UNUSED_VARIABLE = YES;
				MACOSX_DEPLOYMENT_TARGET = 10.6;
				MTL_ENABLE_DEBUG_INFO = YES;
				ONLY_ACTIVE_ARCH = NO;
				OTHER_CFLAGS = "-DHOST_WORDS_BIGENDIAN=1";
				SDKROOT = macosx;
			};
			name = Debug;
		};
		F1E4AF2819C1328000D8EFB4 /* Release */ = {
			isa = XCBuildConfiguration;
			buildSettings = {
				ALWAYS_SEARCH_USER_PATHS = NO;
				ARCHS = "$(ARCHS_STANDARD_32_64_BIT)";
				CLANG_CXX_LANGUAGE_STANDARD = "gnu++0x";
				CLANG_CXX_LIBRARY = "libc++";
				CLANG_ENABLE_MODULES = YES;
				CLANG_ENABLE_OBJC_ARC = NO;
				CLANG_WARN_BOOL_CONVERSION = YES;
				CLANG_WARN_CONSTANT_CONVERSION = YES;
				CLANG_WARN_DIRECT_OBJC_ISA_USAGE = YES_ERROR;
				CLANG_WARN_EMPTY_BODY = YES;
				CLANG_WARN_ENUM_CONVERSION = YES;
				CLANG_WARN_INFINITE_RECURSION = YES;
				CLANG_WARN_INT_CONVERSION = YES;
				CLANG_WARN_OBJC_ROOT_CLASS = YES_ERROR;
				CLANG_WARN_SUSPICIOUS_MOVE = YES;
				CLANG_WARN_UNREACHABLE_CODE = YES;
				CLANG_WARN__DUPLICATE_METHOD_MATCH = YES;
				CODE_SIGN_IDENTITY = "-";
				COPY_PHASE_STRIP = YES;
				DEBUG_INFORMATION_FORMAT = "dwarf-with-dsym";
				ENABLE_NS_ASSERTIONS = NO;
				ENABLE_STRICT_OBJC_MSGSEND = YES;
				GCC_C_LANGUAGE_STANDARD = gnu99;
				GCC_NO_COMMON_BLOCKS = YES;
				GCC_WARN_64_TO_32_BIT_CONVERSION = YES;
				GCC_WARN_ABOUT_RETURN_TYPE = YES_ERROR;
				GCC_WARN_UNDECLARED_SELECTOR = YES;
				GCC_WARN_UNINITIALIZED_AUTOS = YES_AGGRESSIVE;
				GCC_WARN_UNUSED_FUNCTION = YES;
				GCC_WARN_UNUSED_VARIABLE = YES;
				MACOSX_DEPLOYMENT_TARGET = 10.6;
				MTL_ENABLE_DEBUG_INFO = NO;
				ONLY_ACTIVE_ARCH = NO;
				OTHER_CFLAGS = "-DHOST_WORDS_BIGENDIAN=1";
				SDKROOT = macosx;
			};
			name = Release;
		};
		F1E4AF2A19C1328000D8EFB4 /* Debug */ = {
			isa = XCBuildConfiguration;
			buildSettings = {
				ASSETCATALOG_COMPILER_APPICON_NAME = AppIcon;
				COMBINE_HIDPI_IMAGES = YES;
				FRAMEWORK_SEARCH_PATHS = (
					"$(inherited)",
					"$(PROJECT_DIR)",
				);
				INFOPLIST_FILE = Leibniz/Info.plist;
				LD_RUNPATH_SEARCH_PATHS = "$(inherited) @executable_path/../Frameworks";
				PRODUCT_BUNDLE_IDENTIFIER = org.swhite.leibniz;
				PRODUCT_NAME = "$(TARGET_NAME)";
			};
			name = Debug;
		};
		F1E4AF2B19C1328000D8EFB4 /* Release */ = {
			isa = XCBuildConfiguration;
			buildSettings = {
				ASSETCATALOG_COMPILER_APPICON_NAME = AppIcon;
				COMBINE_HIDPI_IMAGES = YES;
				FRAMEWORK_SEARCH_PATHS = (
					"$(inherited)",
					"$(PROJECT_DIR)",
				);
				INFOPLIST_FILE = Leibniz/Info.plist;
				LD_RUNPATH_SEARCH_PATHS = "$(inherited) @executable_path/../Frameworks";
				PRODUCT_BUNDLE_IDENTIFIER = org.swhite.leibniz;
				PRODUCT_NAME = "$(TARGET_NAME)";
			};
			name = Release;
		};
		F1E4AF2D19C1328000D8EFB4 /* Debug */ = {
			isa = XCBuildConfiguration;
			buildSettings = {
				BUNDLE_LOADER = "$(TEST_HOST)";
				COMBINE_HIDPI_IMAGES = YES;
				FRAMEWORK_SEARCH_PATHS = (
					"$(DEVELOPER_FRAMEWORKS_DIR)",
					"$(inherited)",
				);
				GCC_PREPROCESSOR_DEFINITIONS = (
					"DEBUG=1",
					"$(inherited)",
				);
				INFOPLIST_FILE = LeibnizTests/Info.plist;
				LD_RUNPATH_SEARCH_PATHS = "$(inherited) @executable_path/../Frameworks @loader_path/../Frameworks";
				PRODUCT_BUNDLE_IDENTIFIER = "org.swhite.$(PRODUCT_NAME:rfc1034identifier)";
				PRODUCT_NAME = "$(TARGET_NAME)";
				TEST_HOST = "$(BUILT_PRODUCTS_DIR)/Leibniz.app/Contents/MacOS/Leibniz";
			};
			name = Debug;
		};
		F1E4AF2E19C1328000D8EFB4 /* Release */ = {
			isa = XCBuildConfiguration;
			buildSettings = {
				BUNDLE_LOADER = "$(TEST_HOST)";
				COMBINE_HIDPI_IMAGES = YES;
				FRAMEWORK_SEARCH_PATHS = (
					"$(DEVELOPER_FRAMEWORKS_DIR)",
					"$(inherited)",
				);
				INFOPLIST_FILE = LeibnizTests/Info.plist;
				LD_RUNPATH_SEARCH_PATHS = "$(inherited) @executable_path/../Frameworks @loader_path/../Frameworks";
				PRODUCT_BUNDLE_IDENTIFIER = "org.swhite.$(PRODUCT_NAME:rfc1034identifier)";
				PRODUCT_NAME = "$(TARGET_NAME)";
				TEST_HOST = "$(BUILT_PRODUCTS_DIR)/Leibniz.app/Contents/MacOS/Leibniz";
			};
			name = Release;
		};
/* End XCBuildConfiguration section */

/* Begin XCConfigurationList section */
		F1E4AF0719C1327F00D8EFB4 /* Build configuration list for PBXProject "Leibniz" */ = {
			isa = XCConfigurationList;
			buildConfigurations = (
				F1E4AF2719C1328000D8EFB4 /* Debug */,
				F1E4AF2819C1328000D8EFB4 /* Release */,
			);
			defaultConfigurationIsVisible = 0;
			defaultConfigurationName = Release;
		};
		F1E4AF2919C1328000D8EFB4 /* Build configuration list for PBXNativeTarget "Leibniz" */ = {
			isa = XCConfigurationList;
			buildConfigurations = (
				F1E4AF2A19C1328000D8EFB4 /* Debug */,
				F1E4AF2B19C1328000D8EFB4 /* Release */,
			);
			defaultConfigurationIsVisible = 0;
			defaultConfigurationName = Release;
		};
		F1E4AF2C19C1328000D8EFB4 /* Build configuration list for PBXNativeTarget "LeibnizTests" */ = {
			isa = XCConfigurationList;
			buildConfigurations = (
				F1E4AF2D19C1328000D8EFB4 /* Debug */,
				F1E4AF2E19C1328000D8EFB4 /* Release */,
			);
			defaultConfigurationIsVisible = 0;
			defaultConfigurationName = Release;
		};
/* End XCConfigurationList section */
	};
	rootObject = F1E4AF0419C1327F00D8EFB4 /* Project object */;
}
